
Microsoft Visual Studio Solution File, Format Version 12.00
# Visual Studio Version 17
VisualStudioVersion = 17.1.32210.238
MinimumVisualStudioVersion = 10.0.40219.1
Project("{FAE04EC0-301F-11D3-BF4B-00C04F79EFBC}") = "EntityCrud", "EntityCrud\EntityCrud.csproj", "{88BB3CD5-2F7C-4879-9062-395D4A840F75}"
EndProject
Global
	GlobalSection(SolutionConfigurationPlatforms) = preSolution
		Debug|Any CPU = Debug|Any CPU
		Release|Any CPU = Release|Any CPU
	EndGlobalSection
	GlobalSection(ProjectConfigurationPlatforms) = postSolution
		{88BB3CD5-2F7C-4879-9062-395D4A840F75}.Debug|Any CPU.ActiveCfg = Debug|Any CPU
		{88BB3CD5-2F7C-4879-9062-395D4A840F75}.Debug|Any CPU.Build.0 = Debug|Any CPU
		{88BB3CD5-2F7C-4879-9062-395D4A840F75}.Release|Any CPU.ActiveCfg = Release|Any CPU
		{88BB3CD5-2F7C-4879-9062-395D4A840F75}.Release|Any CPU.Build.0 = Release|Any CPU
	EndGlobalSection
	GlobalSection(SolutionProperties) = preSolution
		HideSolutionNode = FALSE
	EndGlobalSection
	GlobalSection(ExtensibilityGlobals) = postSolution
		SolutionGuid = {BC38C299-5625-4FB7-8A62-C0A11C563D19}
	EndGlobalSection
EndGlobal
